
Microsoft Visual Studio Solution File, Format Version 12.00
# Visual Studio 15
Project("{FAE04EC0-301F-11D3-BF4B-00C04F79EFBC}") = "WorkoutTracker", "WorkoutTracker\WorkoutTracker.csproj", "{C51E2E51-15C3-45FE-B9A6-6106F1B57330}"
EndProject
Global
	GlobalSection(SolutionConfigurationPlatforms) = preSolution
		Debug|Any CPU = Debug|Any CPU
		Release|Any CPU = Release|Any CPU
	EndGlobalSection
	GlobalSection(ProjectConfigurationPlatforms) = postSolution
		{C51E2E51-15C3-45FE-B9A6-6106F1B57330}.Debug|Any CPU.ActiveCfg = Debug|Any CPU
		{C51E2E51-15C3-45FE-B9A6-6106F1B57330}.Debug|Any CPU.Build.0 = Debug|Any CPU
		{C51E2E51-15C3-45FE-B9A6-6106F1B57330}.Release|Any CPU.ActiveCfg = Release|Any CPU
		{C51E2E51-15C3-45FE-B9A6-6106F1B57330}.Release|Any CPU.Build.0 = Release|Any CPU
	EndGlobalSection
EndGlobal
